{
  "originHash" : "5e47a66821e1117582524035d576c128ce37f36ddb730d4c8b279b266f2d5bae",
  "pins" : [
    {
      "identity" : "swift-cmark",
      "kind" : "remoteSourceControl",
      "location" : "https://github.com/swiftlang/swift-cmark.git",
      "state" : {
        "branch" : "gfm",
        "revision" : "7898f1b3e4befeecee56cb4a3bc8eebd2cb63219"
      }
    },
    {
      "identity" : "swift-markdown",
      "kind" : "remoteSourceControl",
      "location" : "https://github.com/aleroot/swift-markdown.git",
      "state" : {
        "revision" : "f8788449125d87db951fd85d6fd2a47e7bb0e042"
      }
    }
  ],
  "version" : 3
}
