{
  "originHash" : "01df6bc682cf354670db40124bd08e1a6075f673030fb789583e063647047f70",
  "pins" : [
    {
      "identity" : "swift-cmark",
      "kind" : "remoteSourceControl",
      "location" : "https://github.com/tarnish233/swift-cmark.git",
      "state" : {
        "revision" : "7898f1b3e4befeecee56cb4a3bc8eebd2cb63219",
        "version" : "0.8.0-muse.1"
      }
    },
    {
      "identity" : "swift-markdown",
      "kind" : "remoteSourceControl",
      "location" : "https://github.com/tarnish233/swift-markdown.git",
      "state" : {
        "revision" : "cc2306ca16dca6c0e504b9788a8aeca36f0c8859",
        "version" : "0.8.0-muse.2"
      }
    }
  ],
  "version" : 3
}
